
Microsoft Visual Studio Solution File, Format Version 12.00
# Visual Studio Version 17
VisualStudioVersion = 17.7.34031.279
MinimumVisualStudioVersion = 10.0.40219.1
Project("{FAE04EC0-301F-11D3-BF4B-00C04F79EFBC}") = "StrAyiine", "StrAyiine\StrAyiine.csproj", "{13CC762D-6CCB-49B2-966C-8735E0ABD93B}"
EndProject
Global
	GlobalSection(SolutionConfigurationPlatforms) = preSolution
		Debug|Any CPU = Debug|Any CPU
		Release|Any CPU = Release|Any CPU
	EndGlobalSection
	GlobalSection(ProjectConfigurationPlatforms) = postSolution
		{13CC762D-6CCB-49B2-966C-8735E0ABD93B}.Debug|Any CPU.ActiveCfg = Debug|Any CPU
		{13CC762D-6CCB-49B2-966C-8735E0ABD93B}.Debug|Any CPU.Build.0 = Debug|Any CPU
		{13CC762D-6CCB-49B2-966C-8735E0ABD93B}.Release|Any CPU.ActiveCfg = Release|Any CPU
		{13CC762D-6CCB-49B2-966C-8735E0ABD93B}.Release|Any CPU.Build.0 = Release|Any CPU
	EndGlobalSection
	GlobalSection(SolutionProperties) = preSolution
		HideSolutionNode = FALSE
	EndGlobalSection
	GlobalSection(ExtensibilityGlobals) = postSolution
		SolutionGuid = {3D2F1885-6DE0-4AFE-B70A-815B2CD92664}
	EndGlobalSection
EndGlobal
